
Microsoft Visual Studio Solution File, Format Version 12.00
# Visual Studio Version 16
VisualStudioVersion = 16.0.30611.23
MinimumVisualStudioVersion = 10.0.40219.1
Project("{8BC9CEB8-8B4A-11D0-8D11-00A0C91BC942}") = "Калькулятор", "Калькулятор\Калькулятор.vcxproj", "{574F6510-CDDA-4C3D-90F7-77020A36F0D4}"
EndProject
Project("{8BC9CEB8-8B4A-11D0-8D11-00A0C91BC942}") = "Console 2", "Console 2\Console 2.vcxproj", "{C5342747-93D2-4F3C-AE8D-3E0F02669B05}"
EndProject
Project("{2150E333-8FDC-42A3-9474-1A3956D46DE8}") = "1st Homework", "1st Homework", "{9970FED9-C2AA-4C87-888B-786C36038F67}"
EndProject
Project("{2150E333-8FDC-42A3-9474-1A3956D46DE8}") = "2nd Homework", "2nd Homework", "{7925CFFA-8C50-4495-A521-B8B4C84BF6E6}"
EndProject
Project("{8BC9CEB8-8B4A-11D0-8D11-00A0C91BC942}") = "NumSum", "NumSum\NumSum.vcxproj", "{C4E3709E-AAD3-4285-B325-3CC1602EC144}"
EndProject
Project("{8BC9CEB8-8B4A-11D0-8D11-00A0C91BC942}") = "ReNumber", "ReNumber\ReNumber.vcxproj", "{0FDFDF31-4250-4EEE-98C4-4F2B770F132C}"
EndProject
Project("{8BC9CEB8-8B4A-11D0-8D11-00A0C91BC942}") = "DistBetwCartesianPoints", "DistBetwCartesianPoints\DistBetwCartesianPoints.vcxproj", "{7988385B-4F24-4379-93EA-5A555D702C68}"
EndProject
Project("{2150E333-8FDC-42A3-9474-1A3956D46DE8}") = "3rd Homework", "3rd Homework", "{F630A768-42EB-478F-AE44-A0AE5653B39F}"
EndProject
Project("{8BC9CEB8-8B4A-11D0-8D11-00A0C91BC942}") = "Quadratic equation", "Quadratic equation\Quadratic equation.vcxproj", "{D4FB38B1-CED1-4B69-8EF8-490170B3A10A}"
EndProject
Project("{2150E333-8FDC-42A3-9474-1A3956D46DE8}") = "4th Homework", "4th Homework", "{A0F3952F-0812-4C9C-8617-9A60095D8A82}"
EndProject
Project("{8BC9CEB8-8B4A-11D0-8D11-00A0C91BC942}") = "FormulaCalc1", "FormulaCalc1\FormulaCalc1.vcxproj", "{A7B596CC-9FA0-4225-8BD4-E4F01BB2183C}"
EndProject
Project("{8BC9CEB8-8B4A-11D0-8D11-00A0C91BC942}") = "FormulaCalc2", "FormulaCalc2\FormulaCalc2.vcxproj", "{5AD48E41-3E9B-4157-896B-BB1358458663}"
EndProject
Project("{8BC9CEB8-8B4A-11D0-8D11-00A0C91BC942}") = "FormulaCalc3", "FormulaCalc3\FormulaCalc3.vcxproj", "{ADA9147B-5990-4F59-956B-1022145BFE22}"
EndProject
Project("{8BC9CEB8-8B4A-11D0-8D11-00A0C91BC942}") = "FormulaCalc4", "FormulaCalc4\FormulaCalc4.vcxproj", "{0C544302-5C67-4FAB-9C15-D870B926473A}"
EndProject
Project("{8BC9CEB8-8B4A-11D0-8D11-00A0C91BC942}") = "FormulaCalc5", "FormulsCalc5\FormulsCalc5.vcxproj", "{7A8FB5F7-95F7-4F1C-81C6-474ECA35C3A4}"
EndProject
Project("{8BC9CEB8-8B4A-11D0-8D11-00A0C91BC942}") = "FormulaCalc6", "FormulaCalc6\FormulaCalc6.vcxproj", "{5B8A4EC4-50C5-4754-BE78-819F3E50055F}"
EndProject
Project("{8BC9CEB8-8B4A-11D0-8D11-00A0C91BC942}") = "FormulaCalc7", "FormulaCalc7\FormulaCalc7.vcxproj", "{43A11651-E152-4B70-BEE4-C37E975B6810}"
EndProject
Project("{8BC9CEB8-8B4A-11D0-8D11-00A0C91BC942}") = "FormulaCalc8", "FormulaCalc8\FormulaCalc8.vcxproj", "{CC2F4722-5A2F-40CD-848F-EB197C7E6AF3}"
EndProject
Project("{8BC9CEB8-8B4A-11D0-8D11-00A0C91BC942}") = "FormulaCalc9", "CalcFormula9\CalcFormula9.vcxproj", "{88B06C56-F0AC-45A1-8BA9-47A59B1D751B}"
EndProject
Project("{8BC9CEB8-8B4A-11D0-8D11-00A0C91BC942}") = "FormulaCalc10", "FormulaCalc10\FormulaCalc10.vcxproj", "{010CF29A-80CD-4A3A-9B96-F10F3B554DCC}"
EndProject
Project("{8BC9CEB8-8B4A-11D0-8D11-00A0C91BC942}") = "FormulaCalc11", "FormulaCalc11\FormulaCalc11.vcxproj", "{58754D4B-5AD7-4AC3-903C-D6929EF36EA4}"
EndProject
Project("{8BC9CEB8-8B4A-11D0-8D11-00A0C91BC942}") = "FormulaCalc12", "FormulaCalc12\FormulaCalc12.vcxproj", "{1F5DB20E-4846-4276-B369-16309B542DA6}"
EndProject
Project("{8BC9CEB8-8B4A-11D0-8D11-00A0C91BC942}") = "WeekDay", "WeekDay\WeekDay.vcxproj", "{482E09EC-21A8-4D8C-969B-6BA97BF5AD6E}"
EndProject
Project("{8BC9CEB8-8B4A-11D0-8D11-00A0C91BC942}") = "ModulOfNum", "ModulOfNum\ModulOfNum.vcxproj", "{256421F5-03BA-4D71-A941-9313450CB544}"
EndProject
Project("{8BC9CEB8-8B4A-11D0-8D11-00A0C91BC942}") = "EvenAndDoubleDigit", "EvenAndDoubleDigit\EvenAndDoubleDigit.vcxproj", "{9DC5014B-145B-4AF9-9B05-DEF86A2A642F}"
EndProject
Project("{8BC9CEB8-8B4A-11D0-8D11-00A0C91BC942}") = "BiggerOrSmallerNum", "BiggerOrSmallerNum\BiggerOrSmallerNum.vcxproj", "{18B2EB09-4A9D-4924-9AF0-C27B8CCEE175}"
EndProject
Project("{8BC9CEB8-8B4A-11D0-8D11-00A0C91BC942}") = "MaxDivisor", "MaxDivisor\MaxDivisor.vcxproj", "{5B8277AD-42F7-4DFF-BA7C-74744DBEC05B}"
EndProject
Project("{2150E333-8FDC-42A3-9474-1A3956D46DE8}") = "5th Homework", "5th Homework", "{3EE7A3BB-7630-4B29-A282-A296012B5A37}"
EndProject
Project("{8BC9CEB8-8B4A-11D0-8D11-00A0C91BC942}") = "PoductOfSqrt", "PoductOfAbs\PoductOfAbs.vcxproj", "{69C084D9-D5FD-409B-BA62-A8875C216F04}"
EndProject
Project("{8BC9CEB8-8B4A-11D0-8D11-00A0C91BC942}") = "SumOfDigit", "SumOfDigit\SumOfDigit.vcxproj", "{66EF981F-9482-4DDB-8A30-24B81A097B4B}"
EndProject
Project("{8BC9CEB8-8B4A-11D0-8D11-00A0C91BC942}") = "SumOfDividers", "SumOfВividers\SumOfВividers.vcxproj", "{210A267F-A29E-4D01-8A9D-0C7A495E95EA}"
EndProject
Global
	GlobalSection(SolutionConfigurationPlatforms) = preSolution
		Debug|x64 = Debug|x64
		Debug|x86 = Debug|x86
		Release|x64 = Release|x64
		Release|x86 = Release|x86
	EndGlobalSection
	GlobalSection(ProjectConfigurationPlatforms) = postSolution
		{574F6510-CDDA-4C3D-90F7-77020A36F0D4}.Debug|x64.ActiveCfg = Debug|x64
		{574F6510-CDDA-4C3D-90F7-77020A36F0D4}.Debug|x64.Build.0 = Debug|x64
		{574F6510-CDDA-4C3D-90F7-77020A36F0D4}.Debug|x86.ActiveCfg = Debug|Win32
		{574F6510-CDDA-4C3D-90F7-77020A36F0D4}.Debug|x86.Build.0 = Debug|Win32
		{574F6510-CDDA-4C3D-90F7-77020A36F0D4}.Release|x64.ActiveCfg = Release|x64
		{574F6510-CDDA-4C3D-90F7-77020A36F0D4}.Release|x64.Build.0 = Release|x64
		{574F6510-CDDA-4C3D-90F7-77020A36F0D4}.Release|x86.ActiveCfg = Release|Win32
		{574F6510-CDDA-4C3D-90F7-77020A36F0D4}.Release|x86.Build.0 = Release|Win32
		{C5342747-93D2-4F3C-AE8D-3E0F02669B05}.Debug|x64.ActiveCfg = Debug|x64
		{C5342747-93D2-4F3C-AE8D-3E0F02669B05}.Debug|x64.Build.0 = Debug|x64
		{C5342747-93D2-4F3C-AE8D-3E0F02669B05}.Debug|x86.ActiveCfg = Debug|Win32
		{C5342747-93D2-4F3C-AE8D-3E0F02669B05}.Debug|x86.Build.0 = Debug|Win32
		{C5342747-93D2-4F3C-AE8D-3E0F02669B05}.Release|x64.ActiveCfg = Release|x64
		{C5342747-93D2-4F3C-AE8D-3E0F02669B05}.Release|x64.Build.0 = Release|x64
		{C5342747-93D2-4F3C-AE8D-3E0F02669B05}.Release|x86.ActiveCfg = Release|Win32
		{C5342747-93D2-4F3C-AE8D-3E0F02669B05}.Release|x86.Build.0 = Release|Win32
		{C4E3709E-AAD3-4285-B325-3CC1602EC144}.Debug|x64.ActiveCfg = Debug|x64
		{C4E3709E-AAD3-4285-B325-3CC1602EC144}.Debug|x64.Build.0 = Debug|x64
		{C4E3709E-AAD3-4285-B325-3CC1602EC144}.Debug|x86.ActiveCfg = Debug|Win32
		{C4E3709E-AAD3-4285-B325-3CC1602EC144}.Debug|x86.Build.0 = Debug|Win32
		{C4E3709E-AAD3-4285-B325-3CC1602EC144}.Release|x64.ActiveCfg = Release|x64
		{C4E3709E-AAD3-4285-B325-3CC1602EC144}.Release|x64.Build.0 = Release|x64
		{C4E3709E-AAD3-4285-B325-3CC1602EC144}.Release|x86.ActiveCfg = Release|Win32
		{C4E3709E-AAD3-4285-B325-3CC1602EC144}.Release|x86.Build.0 = Release|Win32
		{0FDFDF31-4250-4EEE-98C4-4F2B770F132C}.Debug|x64.ActiveCfg = Debug|x64
		{0FDFDF31-4250-4EEE-98C4-4F2B770F132C}.Debug|x64.Build.0 = Debug|x64
		{0FDFDF31-4250-4EEE-98C4-4F2B770F132C}.Debug|x86.ActiveCfg = Debug|Win32
		{0FDFDF31-4250-4EEE-98C4-4F2B770F132C}.Debug|x86.Build.0 = Debug|Win32
		{0FDFDF31-4250-4EEE-98C4-4F2B770F132C}.Release|x64.ActiveCfg = Release|x64
		{0FDFDF31-4250-4EEE-98C4-4F2B770F132C}.Release|x64.Build.0 = Release|x64
		{0FDFDF31-4250-4EEE-98C4-4F2B770F132C}.Release|x86.ActiveCfg = Release|Win32
		{0FDFDF31-4250-4EEE-98C4-4F2B770F132C}.Release|x86.Build.0 = Release|Win32
		{7988385B-4F24-4379-93EA-5A555D702C68}.Debug|x64.ActiveCfg = Debug|x64
		{7988385B-4F24-4379-93EA-5A555D702C68}.Debug|x64.Build.0 = Debug|x64
		{7988385B-4F24-4379-93EA-5A555D702C68}.Debug|x86.ActiveCfg = Debug|Win32
		{7988385B-4F24-4379-93EA-5A555D702C68}.Debug|x86.Build.0 = Debug|Win32
		{7988385B-4F24-4379-93EA-5A555D702C68}.Release|x64.ActiveCfg = Release|x64
		{7988385B-4F24-4379-93EA-5A555D702C68}.Release|x64.Build.0 = Release|x64
		{7988385B-4F24-4379-93EA-5A555D702C68}.Release|x86.ActiveCfg = Release|Win32
		{7988385B-4F24-4379-93EA-5A555D702C68}.Release|x86.Build.0 = Release|Win32
		{D4FB38B1-CED1-4B69-8EF8-490170B3A10A}.Debug|x64.ActiveCfg = Debug|x64
		{D4FB38B1-CED1-4B69-8EF8-490170B3A10A}.Debug|x64.Build.0 = Debug|x64
		{D4FB38B1-CED1-4B69-8EF8-490170B3A10A}.Debug|x86.ActiveCfg = Debug|Win32
		{D4FB38B1-CED1-4B69-8EF8-490170B3A10A}.Debug|x86.Build.0 = Debug|Win32
		{D4FB38B1-CED1-4B69-8EF8-490170B3A10A}.Release|x64.ActiveCfg = Release|x64
		{D4FB38B1-CED1-4B69-8EF8-490170B3A10A}.Release|x64.Build.0 = Release|x64
		{D4FB38B1-CED1-4B69-8EF8-490170B3A10A}.Release|x86.ActiveCfg = Release|Win32
		{D4FB38B1-CED1-4B69-8EF8-490170B3A10A}.Release|x86.Build.0 = Release|Win32
		{A7B596CC-9FA0-4225-8BD4-E4F01BB2183C}.Debug|x64.ActiveCfg = Debug|x64
		{A7B596CC-9FA0-4225-8BD4-E4F01BB2183C}.Debug|x64.Build.0 = Debug|x64
		{A7B596CC-9FA0-4225-8BD4-E4F01BB2183C}.Debug|x86.ActiveCfg = Debug|Win32
		{A7B596CC-9FA0-4225-8BD4-E4F01BB2183C}.Debug|x86.Build.0 = Debug|Win32
		{A7B596CC-9FA0-4225-8BD4-E4F01BB2183C}.Release|x64.ActiveCfg = Release|x64
		{A7B596CC-9FA0-4225-8BD4-E4F01BB2183C}.Release|x64.Build.0 = Release|x64
		{A7B596CC-9FA0-4225-8BD4-E4F01BB2183C}.Release|x86.ActiveCfg = Release|Win32
		{A7B596CC-9FA0-4225-8BD4-E4F01BB2183C}.Release|x86.Build.0 = Release|Win32
		{5AD48E41-3E9B-4157-896B-BB1358458663}.Debug|x64.ActiveCfg = Debug|x64
		{5AD48E41-3E9B-4157-896B-BB1358458663}.Debug|x64.Build.0 = Debug|x64
		{5AD48E41-3E9B-4157-896B-BB1358458663}.Debug|x86.ActiveCfg = Debug|Win32
		{5AD48E41-3E9B-4157-896B-BB1358458663}.Debug|x86.Build.0 = Debug|Win32
		{5AD48E41-3E9B-4157-896B-BB1358458663}.Release|x64.ActiveCfg = Release|x64
		{5AD48E41-3E9B-4157-896B-BB1358458663}.Release|x64.Build.0 = Release|x64
		{5AD48E41-3E9B-4157-896B-BB1358458663}.Release|x86.ActiveCfg = Release|Win32
		{5AD48E41-3E9B-4157-896B-BB1358458663}.Release|x86.Build.0 = Release|Win32
		{ADA9147B-5990-4F59-956B-1022145BFE22}.Debug|x64.ActiveCfg = Debug|x64
		{ADA9147B-5990-4F59-956B-1022145BFE22}.Debug|x64.Build.0 = Debug|x64
		{ADA9147B-5990-4F59-956B-1022145BFE22}.Debug|x86.ActiveCfg = Debug|Win32
		{ADA9147B-5990-4F59-956B-1022145BFE22}.Debug|x86.Build.0 = Debug|Win32
		{ADA9147B-5990-4F59-956B-1022145BFE22}.Release|x64.ActiveCfg = Release|x64
		{ADA9147B-5990-4F59-956B-1022145BFE22}.Release|x64.Build.0 = Release|x64
		{ADA9147B-5990-4F59-956B-1022145BFE22}.Release|x86.ActiveCfg = Release|Win32
		{ADA9147B-5990-4F59-956B-1022145BFE22}.Release|x86.Build.0 = Release|Win32
		{0C544302-5C67-4FAB-9C15-D870B926473A}.Debug|x64.ActiveCfg = Debug|x64
		{0C544302-5C67-4FAB-9C15-D870B926473A}.Debug|x64.Build.0 = Debug|x64
		{0C544302-5C67-4FAB-9C15-D870B926473A}.Debug|x86.ActiveCfg = Debug|Win32
		{0C544302-5C67-4FAB-9C15-D870B926473A}.Debug|x86.Build.0 = Debug|Win32
		{0C544302-5C67-4FAB-9C15-D870B926473A}.Release|x64.ActiveCfg = Release|x64
		{0C544302-5C67-4FAB-9C15-D870B926473A}.Release|x64.Build.0 = Release|x64
		{0C544302-5C67-4FAB-9C15-D870B926473A}.Release|x86.ActiveCfg = Release|Win32
		{0C544302-5C67-4FAB-9C15-D870B926473A}.Release|x86.Build.0 = Release|Win32
		{7A8FB5F7-95F7-4F1C-81C6-474ECA35C3A4}.Debug|x64.ActiveCfg = Debug|x64
		{7A8FB5F7-95F7-4F1C-81C6-474ECA35C3A4}.Debug|x64.Build.0 = Debug|x64
		{7A8FB5F7-95F7-4F1C-81C6-474ECA35C3A4}.Debug|x86.ActiveCfg = Debug|Win32
		{7A8FB5F7-95F7-4F1C-81C6-474ECA35C3A4}.Debug|x86.Build.0 = Debug|Win32
		{7A8FB5F7-95F7-4F1C-81C6-474ECA35C3A4}.Release|x64.ActiveCfg = Release|x64
		{7A8FB5F7-95F7-4F1C-81C6-474ECA35C3A4}.Release|x64.Build.0 = Release|x64
		{7A8FB5F7-95F7-4F1C-81C6-474ECA35C3A4}.Release|x86.ActiveCfg = Release|Win32
		{7A8FB5F7-95F7-4F1C-81C6-474ECA35C3A4}.Release|x86.Build.0 = Release|Win32
		{5B8A4EC4-50C5-4754-BE78-819F3E50055F}.Debug|x64.ActiveCfg = Debug|x64
		{5B8A4EC4-50C5-4754-BE78-819F3E50055F}.Debug|x64.Build.0 = Debug|x64
		{5B8A4EC4-50C5-4754-BE78-819F3E50055F}.Debug|x86.ActiveCfg = Debug|Win32
		{5B8A4EC4-50C5-4754-BE78-819F3E50055F}.Debug|x86.Build.0 = Debug|Win32
		{5B8A4EC4-50C5-4754-BE78-819F3E50055F}.Release|x64.ActiveCfg = Release|x64
		{5B8A4EC4-50C5-4754-BE78-819F3E50055F}.Release|x64.Build.0 = Release|x64
		{5B8A4EC4-50C5-4754-BE78-819F3E50055F}.Release|x86.ActiveCfg = Release|Win32
		{5B8A4EC4-50C5-4754-BE78-819F3E50055F}.Release|x86.Build.0 = Release|Win32
		{43A11651-E152-4B70-BEE4-C37E975B6810}.Debug|x64.ActiveCfg = Debug|x64
		{43A11651-E152-4B70-BEE4-C37E975B6810}.Debug|x64.Build.0 = Debug|x64
		{43A11651-E152-4B70-BEE4-C37E975B6810}.Debug|x86.ActiveCfg = Debug|Win32
		{43A11651-E152-4B70-BEE4-C37E975B6810}.Debug|x86.Build.0 = Debug|Win32
		{43A11651-E152-4B70-BEE4-C37E975B6810}.Release|x64.ActiveCfg = Release|x64
		{43A11651-E152-4B70-BEE4-C37E975B6810}.Release|x64.Build.0 = Release|x64
		{43A11651-E152-4B70-BEE4-C37E975B6810}.Release|x86.ActiveCfg = Release|Win32
		{43A11651-E152-4B70-BEE4-C37E975B6810}.Release|x86.Build.0 = Release|Win32
		{CC2F4722-5A2F-40CD-848F-EB197C7E6AF3}.Debug|x64.ActiveCfg = Debug|x64
		{CC2F4722-5A2F-40CD-848F-EB197C7E6AF3}.Debug|x64.Build.0 = Debug|x64
		{CC2F4722-5A2F-40CD-848F-EB197C7E6AF3}.Debug|x86.ActiveCfg = Debug|Win32
		{CC2F4722-5A2F-40CD-848F-EB197C7E6AF3}.Debug|x86.Build.0 = Debug|Win32
		{CC2F4722-5A2F-40CD-848F-EB197C7E6AF3}.Release|x64.ActiveCfg = Release|x64
		{CC2F4722-5A2F-40CD-848F-EB197C7E6AF3}.Release|x64.Build.0 = Release|x64
		{CC2F4722-5A2F-40CD-848F-EB197C7E6AF3}.Release|x86.ActiveCfg = Release|Win32
		{CC2F4722-5A2F-40CD-848F-EB197C7E6AF3}.Release|x86.Build.0 = Release|Win32
		{88B06C56-F0AC-45A1-8BA9-47A59B1D751B}.Debug|x64.ActiveCfg = Debug|x64
		{88B06C56-F0AC-45A1-8BA9-47A59B1D751B}.Debug|x64.Build.0 = Debug|x64
		{88B06C56-F0AC-45A1-8BA9-47A59B1D751B}.Debug|x86.ActiveCfg = Debug|Win32
		{88B06C56-F0AC-45A1-8BA9-47A59B1D751B}.Debug|x86.Build.0 = Debug|Win32
		{88B06C56-F0AC-45A1-8BA9-47A59B1D751B}.Release|x64.ActiveCfg = Release|x64
		{88B06C56-F0AC-45A1-8BA9-47A59B1D751B}.Release|x64.Build.0 = Release|x64
		{88B06C56-F0AC-45A1-8BA9-47A59B1D751B}.Release|x86.ActiveCfg = Release|Win32
		{88B06C56-F0AC-45A1-8BA9-47A59B1D751B}.Release|x86.Build.0 = Release|Win32
		{010CF29A-80CD-4A3A-9B96-F10F3B554DCC}.Debug|x64.ActiveCfg = Debug|x64
		{010CF29A-80CD-4A3A-9B96-F10F3B554DCC}.Debug|x64.Build.0 = Debug|x64
		{010CF29A-80CD-4A3A-9B96-F10F3B554DCC}.Debug|x86.ActiveCfg = Debug|Win32
		{010CF29A-80CD-4A3A-9B96-F10F3B554DCC}.Debug|x86.Build.0 = Debug|Win32
		{010CF29A-80CD-4A3A-9B96-F10F3B554DCC}.Release|x64.ActiveCfg = Release|x64
		{010CF29A-80CD-4A3A-9B96-F10F3B554DCC}.Release|x64.Build.0 = Release|x64
		{010CF29A-80CD-4A3A-9B96-F10F3B554DCC}.Release|x86.ActiveCfg = Release|Win32
		{010CF29A-80CD-4A3A-9B96-F10F3B554DCC}.Release|x86.Build.0 = Release|Win32
		{58754D4B-5AD7-4AC3-903C-D6929EF36EA4}.Debug|x64.ActiveCfg = Debug|x64
		{58754D4B-5AD7-4AC3-903C-D6929EF36EA4}.Debug|x64.Build.0 = Debug|x64
		{58754D4B-5AD7-4AC3-903C-D6929EF36EA4}.Debug|x86.ActiveCfg = Debug|Win32
		{58754D4B-5AD7-4AC3-903C-D6929EF36EA4}.Debug|x86.Build.0 = Debug|Win32
		{58754D4B-5AD7-4AC3-903C-D6929EF36EA4}.Release|x64.ActiveCfg = Release|x64
		{58754D4B-5AD7-4AC3-903C-D6929EF36EA4}.Release|x64.Build.0 = Release|x64
		{58754D4B-5AD7-4AC3-903C-D6929EF36EA4}.Release|x86.ActiveCfg = Release|Win32
		{58754D4B-5AD7-4AC3-903C-D6929EF36EA4}.Release|x86.Build.0 = Release|Win32
		{1F5DB20E-4846-4276-B369-16309B542DA6}.Debug|x64.ActiveCfg = Debug|x64
		{1F5DB20E-4846-4276-B369-16309B542DA6}.Debug|x64.Build.0 = Debug|x64
		{1F5DB20E-4846-4276-B369-16309B542DA6}.Debug|x86.ActiveCfg = Debug|Win32
		{1F5DB20E-4846-4276-B369-16309B542DA6}.Debug|x86.Build.0 = Debug|Win32
		{1F5DB20E-4846-4276-B369-16309B542DA6}.Release|x64.ActiveCfg = Release|x64
		{1F5DB20E-4846-4276-B369-16309B542DA6}.Release|x64.Build.0 = Release|x64
		{1F5DB20E-4846-4276-B369-16309B542DA6}.Release|x86.ActiveCfg = Release|Win32
		{1F5DB20E-4846-4276-B369-16309B542DA6}.Release|x86.Build.0 = Release|Win32
		{482E09EC-21A8-4D8C-969B-6BA97BF5AD6E}.Debug|x64.ActiveCfg = Debug|x64
		{482E09EC-21A8-4D8C-969B-6BA97BF5AD6E}.Debug|x64.Build.0 = Debug|x64
		{482E09EC-21A8-4D8C-969B-6BA97BF5AD6E}.Debug|x86.ActiveCfg = Debug|Win32
		{482E09EC-21A8-4D8C-969B-6BA97BF5AD6E}.Debug|x86.Build.0 = Debug|Win32
		{482E09EC-21A8-4D8C-969B-6BA97BF5AD6E}.Release|x64.ActiveCfg = Release|x64
		{482E09EC-21A8-4D8C-969B-6BA97BF5AD6E}.Release|x64.Build.0 = Release|x64
		{482E09EC-21A8-4D8C-969B-6BA97BF5AD6E}.Release|x86.ActiveCfg = Release|Win32
		{482E09EC-21A8-4D8C-969B-6BA97BF5AD6E}.Release|x86.Build.0 = Release|Win32
		{256421F5-03BA-4D71-A941-9313450CB544}.Debug|x64.ActiveCfg = Debug|x64
		{256421F5-03BA-4D71-A941-9313450CB544}.Debug|x64.Build.0 = Debug|x64
		{256421F5-03BA-4D71-A941-9313450CB544}.Debug|x86.ActiveCfg = Debug|Win32
		{256421F5-03BA-4D71-A941-9313450CB544}.Debug|x86.Build.0 = Debug|Win32
		{256421F5-03BA-4D71-A941-9313450CB544}.Release|x64.ActiveCfg = Release|x64
		{256421F5-03BA-4D71-A941-9313450CB544}.Release|x64.Build.0 = Release|x64
		{256421F5-03BA-4D71-A941-9313450CB544}.Release|x86.ActiveCfg = Release|Win32
		{256421F5-03BA-4D71-A941-9313450CB544}.Release|x86.Build.0 = Release|Win32
		{9DC5014B-145B-4AF9-9B05-DEF86A2A642F}.Debug|x64.ActiveCfg = Debug|x64
		{9DC5014B-145B-4AF9-9B05-DEF86A2A642F}.Debug|x64.Build.0 = Debug|x64
		{9DC5014B-145B-4AF9-9B05-DEF86A2A642F}.Debug|x86.ActiveCfg = Debug|Win32
		{9DC5014B-145B-4AF9-9B05-DEF86A2A642F}.Debug|x86.Build.0 = Debug|Win32
		{9DC5014B-145B-4AF9-9B05-DEF86A2A642F}.Release|x64.ActiveCfg = Release|x64
		{9DC5014B-145B-4AF9-9B05-DEF86A2A642F}.Release|x64.Build.0 = Release|x64
		{9DC5014B-145B-4AF9-9B05-DEF86A2A642F}.Release|x86.ActiveCfg = Release|Win32
		{9DC5014B-145B-4AF9-9B05-DEF86A2A642F}.Release|x86.Build.0 = Release|Win32
		{18B2EB09-4A9D-4924-9AF0-C27B8CCEE175}.Debug|x64.ActiveCfg = Debug|x64
		{18B2EB09-4A9D-4924-9AF0-C27B8CCEE175}.Debug|x64.Build.0 = Debug|x64
		{18B2EB09-4A9D-4924-9AF0-C27B8CCEE175}.Debug|x86.ActiveCfg = Debug|Win32
		{18B2EB09-4A9D-4924-9AF0-C27B8CCEE175}.Debug|x86.Build.0 = Debug|Win32
		{18B2EB09-4A9D-4924-9AF0-C27B8CCEE175}.Release|x64.ActiveCfg = Release|x64
		{18B2EB09-4A9D-4924-9AF0-C27B8CCEE175}.Release|x64.Build.0 = Release|x64
		{18B2EB09-4A9D-4924-9AF0-C27B8CCEE175}.Release|x86.ActiveCfg = Release|Win32
		{18B2EB09-4A9D-4924-9AF0-C27B8CCEE175}.Release|x86.Build.0 = Release|Win32
		{5B8277AD-42F7-4DFF-BA7C-74744DBEC05B}.Debug|x64.ActiveCfg = Debug|x64
		{5B8277AD-42F7-4DFF-BA7C-74744DBEC05B}.Debug|x64.Build.0 = Debug|x64
		{5B8277AD-42F7-4DFF-BA7C-74744DBEC05B}.Debug|x86.ActiveCfg = Debug|Win32
		{5B8277AD-42F7-4DFF-BA7C-74744DBEC05B}.Debug|x86.Build.0 = Debug|Win32
		{5B8277AD-42F7-4DFF-BA7C-74744DBEC05B}.Release|x64.ActiveCfg = Release|x64
		{5B8277AD-42F7-4DFF-BA7C-74744DBEC05B}.Release|x64.Build.0 = Release|x64
		{5B8277AD-42F7-4DFF-BA7C-74744DBEC05B}.Release|x86.ActiveCfg = Release|Win32
		{5B8277AD-42F7-4DFF-BA7C-74744DBEC05B}.Release|x86.Build.0 = Release|Win32
		{69C084D9-D5FD-409B-BA62-A8875C216F04}.Debug|x64.ActiveCfg = Debug|x64
		{69C084D9-D5FD-409B-BA62-A8875C216F04}.Debug|x64.Build.0 = Debug|x64
		{69C084D9-D5FD-409B-BA62-A8875C216F04}.Debug|x86.ActiveCfg = Debug|Win32
		{69C084D9-D5FD-409B-BA62-A8875C216F04}.Debug|x86.Build.0 = Debug|Win32
		{69C084D9-D5FD-409B-BA62-A8875C216F04}.Release|x64.ActiveCfg = Release|x64
		{69C084D9-D5FD-409B-BA62-A8875C216F04}.Release|x64.Build.0 = Release|x64
		{69C084D9-D5FD-409B-BA62-A8875C216F04}.Release|x86.ActiveCfg = Release|Win32
		{69C084D9-D5FD-409B-BA62-A8875C216F04}.Release|x86.Build.0 = Release|Win32
		{66EF981F-9482-4DDB-8A30-24B81A097B4B}.Debug|x64.ActiveCfg = Debug|x64
		{66EF981F-9482-4DDB-8A30-24B81A097B4B}.Debug|x64.Build.0 = Debug|x64
		{66EF981F-9482-4DDB-8A30-24B81A097B4B}.Debug|x86.ActiveCfg = Debug|Win32
		{66EF981F-9482-4DDB-8A30-24B81A097B4B}.Debug|x86.Build.0 = Debug|Win32
		{66EF981F-9482-4DDB-8A30-24B81A097B4B}.Release|x64.ActiveCfg = Release|x64
		{66EF981F-9482-4DDB-8A30-24B81A097B4B}.Release|x64.Build.0 = Release|x64
		{66EF981F-9482-4DDB-8A30-24B81A097B4B}.Release|x86.ActiveCfg = Release|Win32
		{66EF981F-9482-4DDB-8A30-24B81A097B4B}.Release|x86.Build.0 = Release|Win32
		{210A267F-A29E-4D01-8A9D-0C7A495E95EA}.Debug|x64.ActiveCfg = Debug|x64
		{210A267F-A29E-4D01-8A9D-0C7A495E95EA}.Debug|x64.Build.0 = Debug|x64
		{210A267F-A29E-4D01-8A9D-0C7A495E95EA}.Debug|x86.ActiveCfg = Debug|Win32
		{210A267F-A29E-4D01-8A9D-0C7A495E95EA}.Debug|x86.Build.0 = Debug|Win32
		{210A267F-A29E-4D01-8A9D-0C7A495E95EA}.Release|x64.ActiveCfg = Release|x64
		{210A267F-A29E-4D01-8A9D-0C7A495E95EA}.Release|x64.Build.0 = Release|x64
		{210A267F-A29E-4D01-8A9D-0C7A495E95EA}.Release|x86.ActiveCfg = Release|Win32
		{210A267F-A29E-4D01-8A9D-0C7A495E95EA}.Release|x86.Build.0 = Release|Win32
	EndGlobalSection
	GlobalSection(SolutionProperties) = preSolution
		HideSolutionNode = FALSE
	EndGlobalSection
	GlobalSection(NestedProjects) = preSolution
		{574F6510-CDDA-4C3D-90F7-77020A36F0D4} = {9970FED9-C2AA-4C87-888B-786C36038F67}
		{C5342747-93D2-4F3C-AE8D-3E0F02669B05} = {9970FED9-C2AA-4C87-888B-786C36038F67}
		{C4E3709E-AAD3-4285-B325-3CC1602EC144} = {7925CFFA-8C50-4495-A521-B8B4C84BF6E6}
		{0FDFDF31-4250-4EEE-98C4-4F2B770F132C} = {7925CFFA-8C50-4495-A521-B8B4C84BF6E6}
		{7988385B-4F24-4379-93EA-5A555D702C68} = {7925CFFA-8C50-4495-A521-B8B4C84BF6E6}
		{D4FB38B1-CED1-4B69-8EF8-490170B3A10A} = {F630A768-42EB-478F-AE44-A0AE5653B39F}
		{A7B596CC-9FA0-4225-8BD4-E4F01BB2183C} = {A0F3952F-0812-4C9C-8617-9A60095D8A82}
		{5AD48E41-3E9B-4157-896B-BB1358458663} = {A0F3952F-0812-4C9C-8617-9A60095D8A82}
		{ADA9147B-5990-4F59-956B-1022145BFE22} = {A0F3952F-0812-4C9C-8617-9A60095D8A82}
		{0C544302-5C67-4FAB-9C15-D870B926473A} = {A0F3952F-0812-4C9C-8617-9A60095D8A82}
		{7A8FB5F7-95F7-4F1C-81C6-474ECA35C3A4} = {A0F3952F-0812-4C9C-8617-9A60095D8A82}
		{5B8A4EC4-50C5-4754-BE78-819F3E50055F} = {A0F3952F-0812-4C9C-8617-9A60095D8A82}
		{43A11651-E152-4B70-BEE4-C37E975B6810} = {A0F3952F-0812-4C9C-8617-9A60095D8A82}
		{CC2F4722-5A2F-40CD-848F-EB197C7E6AF3} = {A0F3952F-0812-4C9C-8617-9A60095D8A82}
		{88B06C56-F0AC-45A1-8BA9-47A59B1D751B} = {A0F3952F-0812-4C9C-8617-9A60095D8A82}
		{010CF29A-80CD-4A3A-9B96-F10F3B554DCC} = {A0F3952F-0812-4C9C-8617-9A60095D8A82}
		{58754D4B-5AD7-4AC3-903C-D6929EF36EA4} = {A0F3952F-0812-4C9C-8617-9A60095D8A82}
		{1F5DB20E-4846-4276-B369-16309B542DA6} = {A0F3952F-0812-4C9C-8617-9A60095D8A82}
		{482E09EC-21A8-4D8C-969B-6BA97BF5AD6E} = {A0F3952F-0812-4C9C-8617-9A60095D8A82}
		{256421F5-03BA-4D71-A941-9313450CB544} = {A0F3952F-0812-4C9C-8617-9A60095D8A82}
		{9DC5014B-145B-4AF9-9B05-DEF86A2A642F} = {A0F3952F-0812-4C9C-8617-9A60095D8A82}
		{18B2EB09-4A9D-4924-9AF0-C27B8CCEE175} = {A0F3952F-0812-4C9C-8617-9A60095D8A82}
		{5B8277AD-42F7-4DFF-BA7C-74744DBEC05B} = {A0F3952F-0812-4C9C-8617-9A60095D8A82}
		{69C084D9-D5FD-409B-BA62-A8875C216F04} = {3EE7A3BB-7630-4B29-A282-A296012B5A37}
		{66EF981F-9482-4DDB-8A30-24B81A097B4B} = {3EE7A3BB-7630-4B29-A282-A296012B5A37}
		{210A267F-A29E-4D01-8A9D-0C7A495E95EA} = {3EE7A3BB-7630-4B29-A282-A296012B5A37}
	EndGlobalSection
	GlobalSection(ExtensibilityGlobals) = postSolution
		SolutionGuid = {58AA162C-AD60-47B4-9A11-9D7C008BE091}
	EndGlobalSection
EndGlobal
